
Microsoft Visual Studio Solution File, Format Version 12.00
# Visual Studio Version 17
VisualStudioVersion = 17.1.32414.318
MinimumVisualStudioVersion = 10.0.40219.1
Project("{FAE04EC0-301F-11D3-BF4B-00C04F79EFBC}") = "LearnAspNetCoreMVC", "LearnAspNetCoreMVC\LearnAspNetCoreMVC.csproj", "{9A45200D-73AA-4B4A-A2F4-3638FCED3827}"
EndProject
Global
	GlobalSection(SolutionConfigurationPlatforms) = preSolution
		Debug|Any CPU = Debug|Any CPU
		Release|Any CPU = Release|Any CPU
	EndGlobalSection
	GlobalSection(ProjectConfigurationPlatforms) = postSolution
		{9A45200D-73AA-4B4A-A2F4-3638FCED3827}.Debug|Any CPU.ActiveCfg = Debug|Any CPU
		{9A45200D-73AA-4B4A-A2F4-3638FCED3827}.Debug|Any CPU.Build.0 = Debug|Any CPU
		{9A45200D-73AA-4B4A-A2F4-3638FCED3827}.Release|Any CPU.ActiveCfg = Release|Any CPU
		{9A45200D-73AA-4B4A-A2F4-3638FCED3827}.Release|Any CPU.Build.0 = Release|Any CPU
	EndGlobalSection
	GlobalSection(SolutionProperties) = preSolution
		HideSolutionNode = FALSE
	EndGlobalSection
	GlobalSection(ExtensibilityGlobals) = postSolution
		SolutionGuid = {AE92C524-F66D-44A1-A2B6-833FEF6237BD}
	EndGlobalSection
EndGlobal
